
Microsoft Visual Studio Solution File, Format Version 12.00
# Visual Studio 2012
Project("{FAE04EC0-301F-11D3-BF4B-00C04F79EFBC}") = "Datacom", "Datacom\Datacom.csproj", "{8D24CC9B-7AD1-4326-9FC5-DB4A9CD9BD3C}"
EndProject
Global
	GlobalSection(SolutionConfigurationPlatforms) = preSolution
		Debug|Any CPU = Debug|Any CPU
		Release|Any CPU = Release|Any CPU
	EndGlobalSection
	GlobalSection(ProjectConfigurationPlatforms) = postSolution
		{8D24CC9B-7AD1-4326-9FC5-DB4A9CD9BD3C}.Debug|Any CPU.ActiveCfg = Debug|Any CPU
		{8D24CC9B-7AD1-4326-9FC5-DB4A9CD9BD3C}.Debug|Any CPU.Build.0 = Debug|Any CPU
		{8D24CC9B-7AD1-4326-9FC5-DB4A9CD9BD3C}.Release|Any CPU.ActiveCfg = Release|Any CPU
		{8D24CC9B-7AD1-4326-9FC5-DB4A9CD9BD3C}.Release|Any CPU.Build.0 = Release|Any CPU
	EndGlobalSection
	GlobalSection(SolutionProperties) = preSolution
		HideSolutionNode = FALSE
	EndGlobalSection
EndGlobal
